
Microsoft Visual Studio Solution File, Format Version 12.00
# Visual Studio 15
VisualStudioVersion = 15.0.27703.2035
MinimumVisualStudioVersion = 10.0.40219.1
Project("{FAE04EC0-301F-11D3-BF4B-00C04F79EFBC}") = "HorseTest", "HorseTest\HorseTest.csproj", "{58AC315F-3BB9-42ED-93FD-C3677BC0D28D}"
EndProject
Global
	GlobalSection(SolutionConfigurationPlatforms) = preSolution
		Debug|Any CPU = Debug|Any CPU
		Release|Any CPU = Release|Any CPU
	EndGlobalSection
	GlobalSection(ProjectConfigurationPlatforms) = postSolution
		{58AC315F-3BB9-42ED-93FD-C3677BC0D28D}.Debug|Any CPU.ActiveCfg = Debug|Any CPU
		{58AC315F-3BB9-42ED-93FD-C3677BC0D28D}.Debug|Any CPU.Build.0 = Debug|Any CPU
		{58AC315F-3BB9-42ED-93FD-C3677BC0D28D}.Release|Any CPU.ActiveCfg = Release|Any CPU
		{58AC315F-3BB9-42ED-93FD-C3677BC0D28D}.Release|Any CPU.Build.0 = Release|Any CPU
	EndGlobalSection
	GlobalSection(SolutionProperties) = preSolution
		HideSolutionNode = FALSE
	EndGlobalSection
	GlobalSection(ExtensibilityGlobals) = postSolution
		SolutionGuid = {64C51000-4E81-4B26-A080-FB2DFD6797EB}
	EndGlobalSection
EndGlobal
