
Microsoft Visual Studio Solution File, Format Version 12.00
# Visual Studio 15
VisualStudioVersion = 15.0.27703.2035
MinimumVisualStudioVersion = 10.0.40219.1
Project("{FAE04EC0-301F-11D3-BF4B-00C04F79EFBC}") = "PomFrameworkLib", "PomFramework\PomFrameworkLib.csproj", "{1CF8B3F9-B077-4294-833C-7D734CED3D1E}"
EndProject
Project("{FAE04EC0-301F-11D3-BF4B-00C04F79EFBC}") = "PomFrameworkTest", "PomFrameworkTest\PomFrameworkTest.csproj", "{6C379098-FD6B-4266-AC33-997FA033C945}"
EndProject
Global
	GlobalSection(SolutionConfigurationPlatforms) = preSolution
		Debug|Any CPU = Debug|Any CPU
		Release|Any CPU = Release|Any CPU
	EndGlobalSection
	GlobalSection(ProjectConfigurationPlatforms) = postSolution
		{1CF8B3F9-B077-4294-833C-7D734CED3D1E}.Debug|Any CPU.ActiveCfg = Debug|Any CPU
		{1CF8B3F9-B077-4294-833C-7D734CED3D1E}.Debug|Any CPU.Build.0 = Debug|Any CPU
		{1CF8B3F9-B077-4294-833C-7D734CED3D1E}.Release|Any CPU.ActiveCfg = Release|Any CPU
		{1CF8B3F9-B077-4294-833C-7D734CED3D1E}.Release|Any CPU.Build.0 = Release|Any CPU
		{6C379098-FD6B-4266-AC33-997FA033C945}.Debug|Any CPU.ActiveCfg = Debug|Any CPU
		{6C379098-FD6B-4266-AC33-997FA033C945}.Debug|Any CPU.Build.0 = Debug|Any CPU
		{6C379098-FD6B-4266-AC33-997FA033C945}.Release|Any CPU.ActiveCfg = Release|Any CPU
		{6C379098-FD6B-4266-AC33-997FA033C945}.Release|Any CPU.Build.0 = Release|Any CPU
	EndGlobalSection
	GlobalSection(SolutionProperties) = preSolution
		HideSolutionNode = FALSE
	EndGlobalSection
	GlobalSection(ExtensibilityGlobals) = postSolution
		SolutionGuid = {A15ED5E1-B96D-4EA5-BD51-C4D97AE1C716}
	EndGlobalSection
EndGlobal
